// !$*UTF8*$!
{
	archiveVersion = 1;
	classes = {
	};
	objectVersion = 46;
	objects = {

/* Begin PBXBuildFile section */
		8880783F1DC271DA00F3E111 /* AppDelegate.swift in Sources */ = {isa = PBXBuildFile; fileRef = 8880783E1DC271DA00F3E111 /* AppDelegate.swift */; };
		888078411DC271DA00F3E111 /* ViewController.swift in Sources */ = {isa = PBXBuildFile; fileRef = 888078401DC271DA00F3E111 /* ViewController.swift */; };
		888078441DC271DA00F3E111 /* Main.storyboard in Resources */ = {isa = PBXBuildFile; fileRef = 888078421DC271DA00F3E111 /* Main.storyboard */; };
		888078461DC271DA00F3E111 /* Assets.xcassets in Resources */ = {isa = PBXBuildFile; fileRef = 888078451DC271DA00F3E111 /* Assets.xcassets */; };
		888078491DC271DA00F3E111 /* LaunchScreen.storyboard in Resources */ = {isa = PBXBuildFile; fileRef = 888078471DC271DA00F3E111 /* LaunchScreen.storyboard */; };
		888078541DC271DA00F3E111 /* Hacker_RankTests.swift in Sources */ = {isa = PBXBuildFile; fileRef = 888078531DC271DA00F3E111 /* Hacker_RankTests.swift */; };
		8880785F1DC271DA00F3E111 /* Hacker_RankUITests.swift in Sources */ = {isa = PBXBuildFile; fileRef = 8880785E1DC271DA00F3E111 /* Hacker_RankUITests.swift */; };
/* End PBXBuildFile section */

/* Begin PBXContainerItemProxy section */
		888078501DC271DA00F3E111 /* PBXContainerItemProxy */ = {
			isa = PBXContainerItemProxy;
			containerPortal = 888078331DC271D900F3E111 /* Project object */;
			proxyType = 1;
			remoteGlobalIDString = 8880783A1DC271DA00F3E111;
			remoteInfo = "Hacker Rank";
		};
		8880785B1DC271DA00F3E111 /* PBXContainerItemProxy */ = {
			isa = PBXContainerItemProxy;
			containerPortal = 888078331DC271D900F3E111 /* Project object */;
			proxyType = 1;
			remoteGlobalIDString = 8880783A1DC271DA00F3E111;
			remoteInfo = "Hacker Rank";
		};
/* End PBXContainerItemProxy section */

/* Begin PBXFileReference section */
		8880783B1DC271DA00F3E111 /* Hacker Rank.app */ = {isa = PBXFileReference; explicitFileType = wrapper.application; includeInIndex = 0; path = "Hacker Rank.app"; sourceTree = BUILT_PRODUCTS_DIR; };
		8880783E1DC271DA00F3E111 /* AppDelegate.swift */ = {isa = PBXFileReference; lastKnownFileType = sourcecode.swift; path = AppDelegate.swift; sourceTree = "<group>"; };
		888078401DC271DA00F3E111 /* ViewController.swift */ = {isa = PBXFileReference; lastKnownFileType = sourcecode.swift; path = ViewController.swift; sourceTree = "<group>"; };
		888078431DC271DA00F3E111 /* Base */ = {isa = PBXFileReference; lastKnownFileType = file.storyboard; name = Base; path = Base.lproj/Main.storyboard; sourceTree = "<group>"; };
		888078451DC271DA00F3E111 /* Assets.xcassets */ = {isa = PBXFileReference; lastKnownFileType = folder.assetcatalog; path = Assets.xcassets; sourceTree = "<group>"; };
		888078481DC271DA00F3E111 /* Base */ = {isa = PBXFileReference; lastKnownFileType = file.storyboard; name = Base; path = Base.lproj/LaunchScreen.storyboard; sourceTree = "<group>"; };
		8880784A1DC271DA00F3E111 /* Info.plist */ = {isa = PBXFileReference; lastKnownFileType = text.plist.xml; path = Info.plist; sourceTree = "<group>"; };
		8880784F1DC271DA00F3E111 /* Hacker RankTests.xctest */ = {isa = PBXFileReference; explicitFileType = wrapper.cfbundle; includeInIndex = 0; path = "Hacker RankTests.xctest"; sourceTree = BUILT_PRODUCTS_DIR; };
		888078531DC271DA00F3E111 /* Hacker_RankTests.swift */ = {isa = PBXFileReference; lastKnownFileType = sourcecode.swift; path = Hacker_RankTests.swift; sourceTree = "<group>"; };
		888078551DC271DA00F3E111 /* Info.plist */ = {isa = PBXFileReference; lastKnownFileType = text.plist.xml; path = Info.plist; sourceTree = "<group>"; };
		8880785A1DC271DA00F3E111 /* Hacker RankUITests.xctest */ = {isa = PBXFileReference; explicitFileType = wrapper.cfbundle; includeInIndex = 0; path = "Hacker RankUITests.xctest"; sourceTree = BUILT_PRODUCTS_DIR; };
		8880785E1DC271DA00F3E111 /* Hacker_RankUITests.swift */ = {isa = PBXFileReference; lastKnownFileType = sourcecode.swift; path = Hacker_RankUITests.swift; sourceTree = "<group>"; };
		888078601DC271DA00F3E111 /* Info.plist */ = {isa = PBXFileReference; lastKnownFileType = text.plist.xml; path = Info.plist; sourceTree = "<group>"; };
/* End PBXFileReference section */

/* Begin PBXFrameworksBuildPhase section */
		888078381DC271DA00F3E111 /* Frameworks */ = {
			isa = PBXFrameworksBuildPhase;
			buildActionMask = 2147483647;
			files = (
			);
			runOnlyForDeploymentPostprocessing = 0;
		};
		8880784C1DC271DA00F3E111 /* Frameworks */ = {
			isa = PBXFrameworksBuildPhase;
			buildActionMask = 2147483647;
			files = (
			);
			runOnlyForDeploymentPostprocessing = 0;
		};
		888078571DC271DA00F3E111 /* Frameworks */ = {
			isa = PBXFrameworksBuildPhase;
			buildActionMask = 2147483647;
			files = (
			);
			runOnlyForDeploymentPostprocessing = 0;
		};
/* End PBXFrameworksBuildPhase section */

/* Begin PBXGroup section */
		888078321DC271D900F3E111 = {
			isa = PBXGroup;
			children = (
				8880783D1DC271DA00F3E111 /* Hacker Rank */,
				888078521DC271DA00F3E111 /* Hacker RankTests */,
				8880785D1DC271DA00F3E111 /* Hacker RankUITests */,
				8880783C1DC271DA00F3E111 /* Products */,
			);
			sourceTree = "<group>";
		};
		8880783C1DC271DA00F3E111 /* Products */ = {
			isa = PBXGroup;
			children = (
				8880783B1DC271DA00F3E111 /* Hacker Rank.app */,
				8880784F1DC271DA00F3E111 /* Hacker RankTests.xctest */,
				8880785A1DC271DA00F3E111 /* Hacker RankUITests.xctest */,
			);
			name = Products;
			sourceTree = "<group>";
		};
		8880783D1DC271DA00F3E111 /* Hacker Rank */ = {
			isa = PBXGroup;
			children = (
				8880783E1DC271DA00F3E111 /* AppDelegate.swift */,
				888078401DC271DA00F3E111 /* ViewController.swift */,
				888078421DC271DA00F3E111 /* Main.storyboard */,
				888078451DC271DA00F3E111 /* Assets.xcassets */,
				888078471DC271DA00F3E111 /* LaunchScreen.storyboard */,
				8880784A1DC271DA00F3E111 /* Info.plist */,
			);
			path = "Hacker Rank";
			sourceTree = "<group>";
		};
		888078521DC271DA00F3E111 /* Hacker RankTests */ = {
			isa = PBXGroup;
			children = (
				888078531DC271DA00F3E111 /* Hacker_RankTests.swift */,
				888078551DC271DA00F3E111 /* Info.plist */,
			);
			path = "Hacker RankTests";
			sourceTree = "<group>";
		};
		8880785D1DC271DA00F3E111 /* Hacker RankUITests */ = {
			isa = PBXGroup;
			children = (
				8880785E1DC271DA00F3E111 /* Hacker_RankUITests.swift */,
				888078601DC271DA00F3E111 /* Info.plist */,
			);
			path = "Hacker RankUITests";
			sourceTree = "<group>";
		};
/* End PBXGroup section */

/* Begin PBXNativeTarget section */
		8880783A1DC271DA00F3E111 /* Hacker Rank */ = {
			isa = PBXNativeTarget;
			buildConfigurationList = 888078631DC271DA00F3E111 /* Build configuration list for PBXNativeTarget "Hacker Rank" */;
			buildPhases = (
				888078371DC271DA00F3E111 /* Sources */,
				888078381DC271DA00F3E111 /* Frameworks */,
				888078391DC271DA00F3E111 /* Resources */,
			);
			buildRules = (
			);
			dependencies = (
			);
			name = "Hacker Rank";
			productName = "Hacker Rank";
			productReference = 8880783B1DC271DA00F3E111 /* Hacker Rank.app */;
			productType = "com.apple.product-type.application";
		};
		8880784E1DC271DA00F3E111 /* Hacker RankTests */ = {
			isa = PBXNativeTarget;
			buildConfigurationList = 888078661DC271DA00F3E111 /* Build configuration list for PBXNativeTarget "Hacker RankTests" */;
			buildPhases = (
				8880784B1DC271DA00F3E111 /* Sources */,
				8880784C1DC271DA00F3E111 /* Frameworks */,
				8880784D1DC271DA00F3E111 /* Resources */,
			);
			buildRules = (
			);
			dependencies = (
				888078511DC271DA00F3E111 /* PBXTargetDependency */,
			);
			name = "Hacker RankTests";
			productName = "Hacker RankTests";
			productReference = 8880784F1DC271DA00F3E111 /* Hacker RankTests.xctest */;
			productType = "com.apple.product-type.bundle.unit-test";
		};
		888078591DC271DA00F3E111 /* Hacker RankUITests */ = {
			isa = PBXNativeTarget;
			buildConfigurationList = 888078691DC271DA00F3E111 /* Build configuration list for PBXNativeTarget "Hacker RankUITests" */;
			buildPhases = (
				888078561DC271DA00F3E111 /* Sources */,
				888078571DC271DA00F3E111 /* Frameworks */,
				888078581DC271DA00F3E111 /* Resources */,
			);
			buildRules = (
			);
			dependencies = (
				8880785C1DC271DA00F3E111 /* PBXTargetDependency */,
			);
			name = "Hacker RankUITests";
			productName = "Hacker RankUITests";
			productReference = 8880785A1DC271DA00F3E111 /* Hacker RankUITests.xctest */;
			productType = "com.apple.product-type.bundle.ui-testing";
		};
/* End PBXNativeTarget section */

/* Begin PBXProject section */
		888078331DC271D900F3E111 /* Project object */ = {
			isa = PBXProject;
			attributes = {
				LastSwiftUpdateCheck = 0800;
				LastUpgradeCheck = 0800;
				ORGANIZATIONNAME = giovanny;
				TargetAttributes = {
					8880783A1DC271DA00F3E111 = {
						CreatedOnToolsVersion = 8.0;
						ProvisioningStyle = Automatic;
					};
					8880784E1DC271DA00F3E111 = {
						CreatedOnToolsVersion = 8.0;
						ProvisioningStyle = Automatic;
						TestTargetID = 8880783A1DC271DA00F3E111;
					};
					888078591DC271DA00F3E111 = {
						CreatedOnToolsVersion = 8.0;
						ProvisioningStyle = Automatic;
						TestTargetID = 8880783A1DC271DA00F3E111;
					};
				};
			};
			buildConfigurationList = 888078361DC271D900F3E111 /* Build configuration list for PBXProject "Hacker Rank" */;
			compatibilityVersion = "Xcode 3.2";
			developmentRegion = English;
			hasScannedForEncodings = 0;
			knownRegions = (
				en,
				Base,
			);
			mainGroup = 888078321DC271D900F3E111;
			productRefGroup = 8880783C1DC271DA00F3E111 /* Products */;
			projectDirPath = "";
			projectRoot = "";
			targets = (
				8880783A1DC271DA00F3E111 /* Hacker Rank */,
				8880784E1DC271DA00F3E111 /* Hacker RankTests */,
				888078591DC271DA00F3E111 /* Hacker RankUITests */,
			);
		};
/* End PBXProject section */

/* Begin PBXResourcesBuildPhase section */
		888078391DC271DA00F3E111 /* Resources */ = {
			isa = PBXResourcesBuildPhase;
			buildActionMask = 2147483647;
			files = (
				888078491DC271DA00F3E111 /* LaunchScreen.storyboard in Resources */,
				888078461DC271DA00F3E111 /* Assets.xcassets in Resources */,
				888078441DC271DA00F3E111 /* Main.storyboard in Resources */,
			);
			runOnlyForDeploymentPostprocessing = 0;
		};
		8880784D1DC271DA00F3E111 /* Resources */ = {
			isa = PBXResourcesBuildPhase;
			buildActionMask = 2147483647;
			files = (
			);
			runOnlyForDeploymentPostprocessing = 0;
		};
		888078581DC271DA00F3E111 /* Resources */ = {
			isa = PBXResourcesBuildPhase;
			buildActionMask = 2147483647;
			files = (
			);
			runOnlyForDeploymentPostprocessing = 0;
		};
/* End PBXResourcesBuildPhase section */

/* Begin PBXSourcesBuildPhase section */
		888078371DC271DA00F3E111 /* Sources */ = {
			isa = PBXSourcesBuildPhase;
			buildActionMask = 2147483647;
			files = (
				888078411DC271DA00F3E111 /* ViewController.swift in Sources */,
				8880783F1DC271DA00F3E111 /* AppDelegate.swift in Sources */,
			);
			runOnlyForDeploymentPostprocessing = 0;
		};
		8880784B1DC271DA00F3E111 /* Sources */ = {
			isa = PBXSourcesBuildPhase;
			buildActionMask = 2147483647;
			files = (
				888078541DC271DA00F3E111 /* Hacker_RankTests.swift in Sources */,
			);
			runOnlyForDeploymentPostprocessing = 0;
		};
		888078561DC271DA00F3E111 /* Sources */ = {
			isa = PBXSourcesBuildPhase;
			buildActionMask = 2147483647;
			files = (
				8880785F1DC271DA00F3E111 /* Hacker_RankUITests.swift in Sources */,
			);
			runOnlyForDeploymentPostprocessing = 0;
		};
/* End PBXSourcesBuildPhase section */

/* Begin PBXTargetDependency section */
		888078511DC271DA00F3E111 /* PBXTargetDependency */ = {
			isa = PBXTargetDependency;
			target = 8880783A1DC271DA00F3E111 /* Hacker Rank */;
			targetProxy = 888078501DC271DA00F3E111 /* PBXContainerItemProxy */;
		};
		8880785C1DC271DA00F3E111 /* PBXTargetDependency */ = {
			isa = PBXTargetDependency;
			target = 8880783A1DC271DA00F3E111 /* Hacker Rank */;
			targetProxy = 8880785B1DC271DA00F3E111 /* PBXContainerItemProxy */;
		};
/* End PBXTargetDependency section */

/* Begin PBXVariantGroup section */
		888078421DC271DA00F3E111 /* Main.storyboard */ = {
			isa = PBXVariantGroup;
			children = (
				888078431DC271DA00F3E111 /* Base */,
			);
			name = Main.storyboard;
			sourceTree = "<group>";
		};
		888078471DC271DA00F3E111 /* LaunchScreen.storyboard */ = {
			isa = PBXVariantGroup;
			children = (
				888078481DC271DA00F3E111 /* Base */,
			);
			name = LaunchScreen.storyboard;
			sourceTree = "<group>";
		};
/* End PBXVariantGroup section */

/* Begin XCBuildConfiguration section */
		888078611DC271DA00F3E111 /* Debug */ = {
			isa = XCBuildConfiguration;
			buildSettings = {
				ALWAYS_SEARCH_USER_PATHS = NO;
				CLANG_ANALYZER_NONNULL = YES;
				CLANG_CXX_LANGUAGE_STANDARD = "gnu++0x";
				CLANG_CXX_LIBRARY = "libc++";
				CLANG_ENABLE_MODULES = YES;
				CLANG_ENABLE_OBJC_ARC = YES;
				CLANG_WARN_BOOL_CONVERSION = YES;
				CLANG_WARN_CONSTANT_CONVERSION = YES;
				CLANG_WARN_DIRECT_OBJC_ISA_USAGE = YES_ERROR;
				CLANG_WARN_DOCUMENTATION_COMMENTS = YES;
				CLANG_WARN_EMPTY_BODY = YES;
				CLANG_WARN_ENUM_CONVERSION = YES;
				CLANG_WARN_INFINITE_RECURSION = YES;
				CLANG_WARN_INT_CONVERSION = YES;
				CLANG_WARN_OBJC_ROOT_CLASS = YES_ERROR;
				CLANG_WARN_SUSPICIOUS_MOVES = YES;
				CLANG_WARN_UNREACHABLE_CODE = YES;
				CLANG_WARN__DUPLICATE_METHOD_MATCH = YES;
				"CODE_SIGN_IDENTITY[sdk=iphoneos*]" = "iPhone Developer";
				COPY_PHASE_STRIP = NO;
				DEBUG_INFORMATION_FORMAT = dwarf;
				ENABLE_STRICT_OBJC_MSGSEND = YES;
				ENABLE_TESTABILITY = YES;
				GCC_C_LANGUAGE_STANDARD = gnu99;
				GCC_DYNAMIC_NO_PIC = NO;
				GCC_NO_COMMON_BLOCKS = YES;
				GCC_OPTIMIZATION_LEVEL = 0;
				GCC_PREPROCESSOR_DEFINITIONS = (
					"DEBUG=1",
					"$(inherited)",
				);
				GCC_WARN_64_TO_32_BIT_CONVERSION = YES;
				GCC_WARN_ABOUT_RETURN_TYPE = YES_ERROR;
				GCC_WARN_UNDECLARED_SELECTOR = YES;
				GCC_WARN_UNINITIALIZED_AUTOS = YES_AGGRESSIVE;
				GCC_WARN_UNUSED_FUNCTION = YES;
				GCC_WARN_UNUSED_VARIABLE = YES;
				IPHONEOS_DEPLOYMENT_TARGET = 10.0;
				MTL_ENABLE_DEBUG_INFO = YES;
				ONLY_ACTIVE_ARCH = YES;
				SDKROOT = iphoneos;
				SWIFT_ACTIVE_COMPILATION_CONDITIONS = DEBUG;
				SWIFT_OPTIMIZATION_LEVEL = "-Onone";
				TARGETED_DEVICE_FAMILY = "1,2";
			};
			name = Debug;
		};
		888078621DC271DA00F3E111 /* Release */ = {
			isa = XCBuildConfiguration;
			buildSettings = {
				ALWAYS_SEARCH_USER_PATHS = NO;
				CLANG_ANALYZER_NONNULL = YES;
				CLANG_CXX_LANGUAGE_STANDARD = "gnu++0x";
				CLANG_CXX_LIBRARY = "libc++";
				CLANG_ENABLE_MODULES = YES;
				CLANG_ENABLE_OBJC_ARC = YES;
				CLANG_WARN_BOOL_CONVERSION = YES;
				CLANG_WARN_CONSTANT_CONVERSION = YES;
				CLANG_WARN_DIRECT_OBJC_ISA_USAGE = YES_ERROR;
				CLANG_WARN_DOCUMENTATION_COMMENTS = YES;
				CLANG_WARN_EMPTY_BODY = YES;
				CLANG_WARN_ENUM_CONVERSION = YES;
				CLANG_WARN_INFINITE_RECURSION = YES;
				CLANG_WARN_INT_CONVERSION = YES;
				CLANG_WARN_OBJC_ROOT_CLASS = YES_ERROR;
				CLANG_WARN_SUSPICIOUS_MOVES = YES;
				CLANG_WARN_UNREACHABLE_CODE = YES;
				CLANG_WARN__DUPLICATE_METHOD_MATCH = YES;
				"CODE_SIGN_IDENTITY[sdk=iphoneos*]" = "iPhone Developer";
				COPY_PHASE_STRIP = NO;
				DEBUG_INFORMATION_FORMAT = "dwarf-with-dsym";
				ENABLE_NS_ASSERTIONS = NO;
				ENABLE_STRICT_OBJC_MSGSEND = YES;
				GCC_C_LANGUAGE_STANDARD = gnu99;
				GCC_NO_COMMON_BLOCKS = YES;
				GCC_WARN_64_TO_32_BIT_CONVERSION = YES;
				GCC_WARN_ABOUT_RETURN_TYPE = YES_ERROR;
				GCC_WARN_UNDECLARED_SELECTOR = YES;
				GCC_WARN_UNINITIALIZED_AUTOS = YES_AGGRESSIVE;
				GCC_WARN_UNUSED_FUNCTION = YES;
				GCC_WARN_UNUSED_VARIABLE = YES;
				IPHONEOS_DEPLOYMENT_TARGET = 10.0;
				MTL_ENABLE_DEBUG_INFO = NO;
				SDKROOT = iphoneos;
				SWIFT_OPTIMIZATION_LEVEL = "-Owholemodule";
				TARGETED_DEVICE_FAMILY = "1,2";
				VALIDATE_PRODUCT = YES;
			};
			name = Release;
		};
		888078641DC271DA00F3E111 /* Debug */ = {
			isa = XCBuildConfiguration;
			buildSettings = {
				ASSETCATALOG_COMPILER_APPICON_NAME = AppIcon;
				INFOPLIST_FILE = "Hacker Rank/Info.plist";
				LD_RUNPATH_SEARCH_PATHS = "$(inherited) @executable_path/Frameworks";
				PRODUCT_BUNDLE_IDENTIFIER = "com.giovanny.Hacker-Rank";
				PRODUCT_NAME = "$(TARGET_NAME)";
				SWIFT_VERSION = 3.0;
			};
			name = Debug;
		};
		888078651DC271DA00F3E111 /* Release */ = {
			isa = XCBuildConfiguration;
			buildSettings = {
				ASSETCATALOG_COMPILER_APPICON_NAME = AppIcon;
				INFOPLIST_FILE = "Hacker Rank/Info.plist";
				LD_RUNPATH_SEARCH_PATHS = "$(inherited) @executable_path/Frameworks";
				PRODUCT_BUNDLE_IDENTIFIER = "com.giovanny.Hacker-Rank";
				PRODUCT_NAME = "$(TARGET_NAME)";
				SWIFT_VERSION = 3.0;
			};
			name = Release;
		};
		888078671DC271DA00F3E111 /* Debug */ = {
			isa = XCBuildConfiguration;
			buildSettings = {
				ALWAYS_EMBED_SWIFT_STANDARD_LIBRARIES = YES;
				BUNDLE_LOADER = "$(TEST_HOST)";
				INFOPLIST_FILE = "Hacker RankTests/Info.plist";
				LD_RUNPATH_SEARCH_PATHS = "$(inherited) @executable_path/Frameworks @loader_path/Frameworks";
				PRODUCT_BUNDLE_IDENTIFIER = "com.giovanny.Hacker-RankTests";
				PRODUCT_NAME = "$(TARGET_NAME)";
				SWIFT_VERSION = 3.0;
				TEST_HOST = "$(BUILT_PRODUCTS_DIR)/Hacker Rank.app/Hacker Rank";
			};
			name = Debug;
		};
		888078681DC271DA00F3E111 /* Release */ = {
			isa = XCBuildConfiguration;
			buildSettings = {
				ALWAYS_EMBED_SWIFT_STANDARD_LIBRARIES = YES;
				BUNDLE_LOADER = "$(TEST_HOST)";
				INFOPLIST_FILE = "Hacker RankTests/Info.plist";
				LD_RUNPATH_SEARCH_PATHS = "$(inherited) @executable_path/Frameworks @loader_path/Frameworks";
				PRODUCT_BUNDLE_IDENTIFIER = "com.giovanny.Hacker-RankTests";
				PRODUCT_NAME = "$(TARGET_NAME)";
				SWIFT_VERSION = 3.0;
				TEST_HOST = "$(BUILT_PRODUCTS_DIR)/Hacker Rank.app/Hacker Rank";
			};
			name = Release;
		};
		8880786A1DC271DA00F3E111 /* Debug */ = {
			isa = XCBuildConfiguration;
			buildSettings = {
				ALWAYS_EMBED_SWIFT_STANDARD_LIBRARIES = YES;
				INFOPLIST_FILE = "Hacker RankUITests/Info.plist";
				LD_RUNPATH_SEARCH_PATHS = "$(inherited) @executable_path/Frameworks @loader_path/Frameworks";
				PRODUCT_BUNDLE_IDENTIFIER = "com.giovanny.Hacker-RankUITests";
				PRODUCT_NAME = "$(TARGET_NAME)";
				SWIFT_VERSION = 3.0;
				TEST_TARGET_NAME = "Hacker Rank";
			};
			name = Debug;
		};
		8880786B1DC271DA00F3E111 /* Release */ = {
			isa = XCBuildConfiguration;
			buildSettings = {
				ALWAYS_EMBED_SWIFT_STANDARD_LIBRARIES = YES;
				INFOPLIST_FILE = "Hacker RankUITests/Info.plist";
				LD_RUNPATH_SEARCH_PATHS = "$(inherited) @executable_path/Frameworks @loader_path/Frameworks";
				PRODUCT_BUNDLE_IDENTIFIER = "com.giovanny.Hacker-RankUITests";
				PRODUCT_NAME = "$(TARGET_NAME)";
				SWIFT_VERSION = 3.0;
				TEST_TARGET_NAME = "Hacker Rank";
			};
			name = Release;
		};
/* End XCBuildConfiguration section */

/* Begin XCConfigurationList section */
		888078361DC271D900F3E111 /* Build configuration list for PBXProject "Hacker Rank" */ = {
			isa = XCConfigurationList;
			buildConfigurations = (
				888078611DC271DA00F3E111 /* Debug */,
				888078621DC271DA00F3E111 /* Release */,
			);
			defaultConfigurationIsVisible = 0;
			defaultConfigurationName = Release;
		};
		888078631DC271DA00F3E111 /* Build configuration list for PBXNativeTarget "Hacker Rank" */ = {
			isa = XCConfigurationList;
			buildConfigurations = (
				888078641DC271DA00F3E111 /* Debug */,
				888078651DC271DA00F3E111 /* Release */,
			);
			defaultConfigurationIsVisible = 0;
		};
		888078661DC271DA00F3E111 /* Build configuration list for PBXNativeTarget "Hacker RankTests" */ = {
			isa = XCConfigurationList;
			buildConfigurations = (
				888078671DC271DA00F3E111 /* Debug */,
				888078681DC271DA00F3E111 /* Release */,
			);
			defaultConfigurationIsVisible = 0;
		};
		888078691DC271DA00F3E111 /* Build configuration list for PBXNativeTarget "Hacker RankUITests" */ = {
			isa = XCConfigurationList;
			buildConfigurations = (
				8880786A1DC271DA00F3E111 /* Debug */,
				8880786B1DC271DA00F3E111 /* Release */,
			);
			defaultConfigurationIsVisible = 0;
		};
/* End XCConfigurationList section */
	};
	rootObject = 888078331DC271D900F3E111 /* Project object */;
}
